
Microsoft Visual Studio Solution File, Format Version 12.00
# Visual Studio Version 16
VisualStudioVersion = 16.0.30804.86
MinimumVisualStudioVersion = 10.0.40219.1
Project("{FAE04EC0-301F-11D3-BF4B-00C04F79EFBC}") = "SIGOA", "WebApp\SIGOA.csproj", "{43653DD2-40CC-43D3-8A26-498AE9883E5A}"
EndProject
Project("{FAE04EC0-301F-11D3-BF4B-00C04F79EFBC}") = "testeXLS", "testeXLS\testeXLS.csproj", "{70CD3BE7-8ACB-4307-B5F4-38F727BB538F}"
EndProject
Global
	GlobalSection(SolutionConfigurationPlatforms) = preSolution
		Debug|Any CPU = Debug|Any CPU
		Release|Any CPU = Release|Any CPU
	EndGlobalSection
	GlobalSection(ProjectConfigurationPlatforms) = postSolution
		{43653DD2-40CC-43D3-8A26-498AE9883E5A}.Debug|Any CPU.ActiveCfg = Debug|Any CPU
		{43653DD2-40CC-43D3-8A26-498AE9883E5A}.Debug|Any CPU.Build.0 = Debug|Any CPU
		{43653DD2-40CC-43D3-8A26-498AE9883E5A}.Release|Any CPU.ActiveCfg = Release|Any CPU
		{43653DD2-40CC-43D3-8A26-498AE9883E5A}.Release|Any CPU.Build.0 = Release|Any CPU
		{70CD3BE7-8ACB-4307-B5F4-38F727BB538F}.Debug|Any CPU.ActiveCfg = Debug|Any CPU
		{70CD3BE7-8ACB-4307-B5F4-38F727BB538F}.Debug|Any CPU.Build.0 = Debug|Any CPU
		{70CD3BE7-8ACB-4307-B5F4-38F727BB538F}.Release|Any CPU.ActiveCfg = Release|Any CPU
		{70CD3BE7-8ACB-4307-B5F4-38F727BB538F}.Release|Any CPU.Build.0 = Release|Any CPU
	EndGlobalSection
	GlobalSection(SolutionProperties) = preSolution
		HideSolutionNode = FALSE
	EndGlobalSection
	GlobalSection(ExtensibilityGlobals) = postSolution
		SolutionGuid = {1BE94025-3806-4B6E-BDAF-E03DB7C39E86}
	EndGlobalSection
EndGlobal
